
Microsoft Visual Studio Solution File, Format Version 12.00
# Visual Studio 2015
Project("{FAE04EC0-301F-11D3-BF4B-00C04F79EFBC}") = "vr-formal-methods.CSharp", "vr-formal-methods.CSharp.csproj", "{DFF7EB52-54FA-7186-49CE-2862D78361BC}"
EndProject
Project("{FAE04EC0-301F-11D3-BF4B-00C04F79EFBC}") = "vr-formal-methods.CSharp.Editor", "vr-formal-methods.CSharp.Editor.csproj", "{4DAF1C9A-CF9C-304D-48C3-94C9F33EB6A7}"
EndProject
Global
	GlobalSection(SolutionConfigurationPlatforms) = preSolution
		Debug|Any CPU = Debug|Any CPU
		Release|Any CPU = Release|Any CPU
	EndGlobalSection
	GlobalSection(ProjectConfigurationPlatforms) = postSolution
		{DFF7EB52-54FA-7186-49CE-2862D78361BC}.Debug|Any CPU.ActiveCfg = Debug|Any CPU
		{DFF7EB52-54FA-7186-49CE-2862D78361BC}.Debug|Any CPU.Build.0 = Debug|Any CPU
		{DFF7EB52-54FA-7186-49CE-2862D78361BC}.Release|Any CPU.ActiveCfg = Release|Any CPU
		{DFF7EB52-54FA-7186-49CE-2862D78361BC}.Release|Any CPU.Build.0 = Release|Any CPU
		{4DAF1C9A-CF9C-304D-48C3-94C9F33EB6A7}.Debug|Any CPU.ActiveCfg = Debug|Any CPU
		{4DAF1C9A-CF9C-304D-48C3-94C9F33EB6A7}.Debug|Any CPU.Build.0 = Debug|Any CPU
		{4DAF1C9A-CF9C-304D-48C3-94C9F33EB6A7}.Release|Any CPU.ActiveCfg = Release|Any CPU
		{4DAF1C9A-CF9C-304D-48C3-94C9F33EB6A7}.Release|Any CPU.Build.0 = Release|Any CPU
	EndGlobalSection
	GlobalSection(SolutionProperties) = preSolution
		HideSolutionNode = FALSE
	EndGlobalSection
EndGlobal
